
Microsoft Visual Studio Solution File, Format Version 12.00
# Visual Studio Version 17
VisualStudioVersion = 17.9.34723.18
MinimumVisualStudioVersion = 10.0.40219.1
Project("{7CF6DF6D-3B04-46F8-A40B-537D21BCA0B4}") = "metar.docs", "metar.docs.shfbproj", "{82EF4E57-1177-4EAF-8207-AC61C68D1658}"
EndProject
Global
	GlobalSection(SolutionConfigurationPlatforms) = preSolution
		Debug|Any CPU = Debug|Any CPU
		Release|Any CPU = Release|Any CPU
	EndGlobalSection
	GlobalSection(ProjectConfigurationPlatforms) = postSolution
		{82EF4E57-1177-4EAF-8207-AC61C68D1658}.Debug|Any CPU.ActiveCfg = Debug|Any CPU
		{82EF4E57-1177-4EAF-8207-AC61C68D1658}.Debug|Any CPU.Build.0 = Debug|Any CPU
		{82EF4E57-1177-4EAF-8207-AC61C68D1658}.Release|Any CPU.ActiveCfg = Release|Any CPU
		{82EF4E57-1177-4EAF-8207-AC61C68D1658}.Release|Any CPU.Build.0 = Release|Any CPU
	EndGlobalSection
	GlobalSection(SolutionProperties) = preSolution
		HideSolutionNode = FALSE
	EndGlobalSection
	GlobalSection(ExtensibilityGlobals) = postSolution
		SolutionGuid = {0A456146-6CB3-4A06-9DB8-DAD57EFEA8E8}
	EndGlobalSection
EndGlobal
